
Microsoft Visual Studio Solution File, Format Version 12.00
# Visual Studio Version 17
VisualStudioVersion = 17.10.35122.118
MinimumVisualStudioVersion = 10.0.40219.1
Project("{FAE04EC0-301F-11D3-BF4B-00C04F79EFBC}") = "VictorKrogh.Extensions.Microsoft.AspNetCore", "VictorKrogh.Extensions.Microsoft.AspNetCore\VictorKrogh.Extensions.Microsoft.AspNetCore.csproj", "{71EF2FE7-523F-4182-99B6-6B5AAF96DA4A}"
EndProject
Global
	GlobalSection(SolutionConfigurationPlatforms) = preSolution
		Debug|Any CPU = Debug|Any CPU
		Release|Any CPU = Release|Any CPU
	EndGlobalSection
	GlobalSection(ProjectConfigurationPlatforms) = postSolution
		{71EF2FE7-523F-4182-99B6-6B5AAF96DA4A}.Debug|Any CPU.ActiveCfg = Debug|Any CPU
		{71EF2FE7-523F-4182-99B6-6B5AAF96DA4A}.Debug|Any CPU.Build.0 = Debug|Any CPU
		{71EF2FE7-523F-4182-99B6-6B5AAF96DA4A}.Release|Any CPU.ActiveCfg = Release|Any CPU
		{71EF2FE7-523F-4182-99B6-6B5AAF96DA4A}.Release|Any CPU.Build.0 = Release|Any CPU
	EndGlobalSection
	GlobalSection(SolutionProperties) = preSolution
		HideSolutionNode = FALSE
	EndGlobalSection
	GlobalSection(ExtensibilityGlobals) = postSolution
		SolutionGuid = {6F3CA05E-4D73-4674-A2A3-D8DA821A2208}
	EndGlobalSection
EndGlobal
